
Microsoft Visual Studio Solution File, Format Version 12.00
# Visual Studio Version 16
VisualStudioVersion = 16.0.29424.173
MinimumVisualStudioVersion = 10.0.40219.1
Project("{FAE04EC0-301F-11D3-BF4B-00C04F79EFBC}") = "Login Page With Json", "Login Page With Json.csproj", "{7480CA7D-C89A-45B2-9F09-6DDF92A00F18}"
EndProject
Global
	GlobalSection(SolutionConfigurationPlatforms) = preSolution
		Debug|Any CPU = Debug|Any CPU
		Release|Any CPU = Release|Any CPU
	EndGlobalSection
	GlobalSection(ProjectConfigurationPlatforms) = postSolution
		{7480CA7D-C89A-45B2-9F09-6DDF92A00F18}.Debug|Any CPU.ActiveCfg = Debug|Any CPU
		{7480CA7D-C89A-45B2-9F09-6DDF92A00F18}.Debug|Any CPU.Build.0 = Debug|Any CPU
		{7480CA7D-C89A-45B2-9F09-6DDF92A00F18}.Release|Any CPU.ActiveCfg = Release|Any CPU
		{7480CA7D-C89A-45B2-9F09-6DDF92A00F18}.Release|Any CPU.Build.0 = Release|Any CPU
	EndGlobalSection
	GlobalSection(SolutionProperties) = preSolution
		HideSolutionNode = FALSE
	EndGlobalSection
	GlobalSection(ExtensibilityGlobals) = postSolution
		SolutionGuid = {AA304E0D-A39C-4D26-88BD-FC91838EABC3}
	EndGlobalSection
EndGlobal
